lockfileVersion: '9.0'

settings:
  autoInstallPeers: true
  excludeLinksFromLockfile: false

importers:

  .:
    dependencies:
      '@onkernel/sdk':
        specifier: '>=0.8.0'
        version: 0.8.0
      fast-speedtest-api:
        specifier: ^0.3.2
        version: 0.3.2
      typescript:
        specifier: ^5
        version: 5.8.3

packages:

  '@onkernel/sdk@0.8.0':
    resolution: {integrity: sha512-OpGY/WI6INfKWabsd7vonMiycN2hE5+tUJNPklKW3uj3zyonph+35RZhzW6LXhnjO+To9nLQ8+4621Trh+Hc0g==}

  fast-speedtest-api@0.3.2:
    resolution: {integrity: sha512-QEfo3wytVo3x/ds4grti1nJUGZhmgdX9OpQbkXc6levJamjUFenb1SdbiVYhrTx27pvOAHSJOAXMu62K0dIEDQ==}
    engines: {node: '>=7.10.1'}
    hasBin: true

  typescript@5.8.3:
    resolution: {integrity: sha512-p1diW6TqL9L07nNxvRMM7hMMw4c5XOo/1ibL4aAIGmSAt9slTE1Xgw5KWuof2uTOvCg9BY7ZRi+GaF+7sfgPeQ==}
    engines: {node: '>=14.17'}
    hasBin: true

snapshots:

  '@onkernel/sdk@0.8.0': {}

  fast-speedtest-api@0.3.2: {}

  typescript@5.8.3: {}
